// !$*UTF8*$!
{
	archiveVersion = 1;
	classes = {
	};
	objectVersion = 45;
	objects = {

/* Begin PBXBuildFile section */
		1DDD58160DA1D0A300B32029 /* MainMenu.xib in Resources */ = {isa = PBXBuildFile; fileRef = 1DDD58140DA1D0A300B32029 /* MainMenu.xib */; };
		256AC3DA0F4B6AC300CF3369 /* FreemanAppDelegate.m in Sources */ = {isa = PBXBuildFile; fileRef = 256AC3D90F4B6AC300CF3369 /* FreemanAppDelegate.m */; };
		8D11072B0486CEB800E47090 /* InfoPlist.strings in Resources */ = {isa = PBXBuildFile; fileRef = 089C165CFE840E0CC02AAC07 /* InfoPlist.strings */; };
		8D11072D0486CEB800E47090 /* main.m in Sources */ = {isa = PBXBuildFile; fileRef = 29B97316FDCFA39411CA2CEA /* main.m */; settings = {ATTRIBUTES = (); }; };
		8D11072F0486CEB800E47090 /* Cocoa.framework in Frameworks */ = {isa = PBXBuildFile; fileRef = 1058C7A1FEA54F0111CA2CBB /* Cocoa.framework */; };
		C9219C03123A5B07009E5829 /* FreemanResultsView.m in Sources */ = {isa = PBXBuildFile; fileRef = C9219C02123A5B07009E5829 /* FreemanResultsView.m */; };
		C9219C5C123A8C03009E5829 /* Freeman.icns in Resources */ = {isa = PBXBuildFile; fileRef = C9219C5B123A8C03009E5829 /* Freeman.icns */; };
		C9219C5F123A8C26009E5829 /* MenuActive.png in Resources */ = {isa = PBXBuildFile; fileRef = C9219C5D123A8C26009E5829 /* MenuActive.png */; };
		C9219C60123A8C26009E5829 /* MenuNormal.png in Resources */ = {isa = PBXBuildFile; fileRef = C9219C5E123A8C26009E5829 /* MenuNormal.png */; };
		C9219C76123A8F85009E5829 /* Sparkle.framework in Frameworks */ = {isa = PBXBuildFile; fileRef = C9219C75123A8F85009E5829 /* Sparkle.framework */; };
		C9219C84123A8FC1009E5829 /* Sparkle.framework in Copy Frameworks */ = {isa = PBXBuildFile; fileRef = C9219C75123A8F85009E5829 /* Sparkle.framework */; };
		C9219C9C123A95A4009E5829 /* Credits.rtf in Resources */ = {isa = PBXBuildFile; fileRef = C9219C9B123A95A4009E5829 /* Credits.rtf */; };
		C9266BF912383783002619C7 /* FreemanOverlayManager.m in Sources */ = {isa = PBXBuildFile; fileRef = C9266BF812383783002619C7 /* FreemanOverlayManager.m */; };
		C9266C1C12383B79002619C7 /* Carbon.framework in Frameworks */ = {isa = PBXBuildFile; fileRef = C9266C1B12383B79002619C7 /* Carbon.framework */; };
		C9266C7212384B46002619C7 /* Quartz.framework in Frameworks */ = {isa = PBXBuildFile; fileRef = C9266C7112384B46002619C7 /* Quartz.framework */; };
		C989C5C9123AD9B900A738EB /* FreemanDiskCatalog.m in Sources */ = {isa = PBXBuildFile; fileRef = C989C5C8123AD9B900A738EB /* FreemanDiskCatalog.m */; };
		C989C5CC123AD9D700A738EB /* FreemanXMLCatalog.m in Sources */ = {isa = PBXBuildFile; fileRef = C989C5CB123AD9D700A738EB /* FreemanXMLCatalog.m */; };
		C993DDFB1238D6C000FCB461 /* FreemanRemoteProcess.m in Sources */ = {isa = PBXBuildFile; fileRef = C993DDFA1238D6C000FCB461 /* FreemanRemoteProcess.m */; };
		C993DF8212391D3A00FCB461 /* FreemanModuleDatabase.m in Sources */ = {isa = PBXBuildFile; fileRef = C993DF8112391D3A00FCB461 /* FreemanModuleDatabase.m */; };
		C993DF8512391D5A00FCB461 /* FreemanModule.m in Sources */ = {isa = PBXBuildFile; fileRef = C993DF8412391D5A00FCB461 /* FreemanModule.m */; };
		C993DFAD12392D6600FCB461 /* modules.xml in Resources */ = {isa = PBXBuildFile; fileRef = C993DF7F123912C200FCB461 /* modules.xml */; };
		C993E0001239324000FCB461 /* Overlay.xib in Resources */ = {isa = PBXBuildFile; fileRef = C993DFFF1239324000FCB461 /* Overlay.xib */; };
		C993E13E123952E900FCB461 /* NSString+FreemanRanking.m in Sources */ = {isa = PBXBuildFile; fileRef = C993E13D123952E900FCB461 /* NSString+FreemanRanking.m */; };
/* End PBXBuildFile section */

/* Begin PBXCopyFilesBuildPhase section */
		C9219C80123A8FBD009E5829 /* Copy Frameworks */ = {
			isa = PBXCopyFilesBuildPhase;
			buildActionMask = 2147483647;
			dstPath = "";
			dstSubfolderSpec = 10;
			files = (
				C9219C84123A8FC1009E5829 /* Sparkle.framework in Copy Frameworks */,
			);
			name = "Copy Frameworks";
			runOnlyForDeploymentPostprocessing = 0;
		};
/* End PBXCopyFilesBuildPhase section */

/* Begin PBXFileReference section */
		089C165DFE840E0CC02AAC07 /* English */ = {isa = PBXFileReference; fileEncoding = 4; lastKnownFileType = text.plist.strings; name = English; path = English.lproj/InfoPlist.strings; sourceTree = "<group>"; };
		1058C7A1FEA54F0111CA2CBB /* Cocoa.framework */ = {isa = PBXFileReference; lastKnownFileType = wrapper.framework; name = Cocoa.framework; path = /System/Library/Frameworks/Cocoa.framework; sourceTree = "<absolute>"; };
		13E42FB307B3F0F600E4EEF1 /* CoreData.framework */ = {isa = PBXFileReference; lastKnownFileType = wrapper.framework; name = CoreData.framework; path = /System/Library/Frameworks/CoreData.framework; sourceTree = "<absolute>"; };
		1DDD58150DA1D0A300B32029 /* English */ = {isa = PBXFileReference; lastKnownFileType = file.xib; name = English; path = English.lproj/MainMenu.xib; sourceTree = "<group>"; };
		256AC3D80F4B6AC300CF3369 /* FreemanAppDelegate.h */ = {isa = PBXFileReference; fileEncoding = 4; lastKnownFileType = sourcecode.c.h; path = FreemanAppDelegate.h; sourceTree = "<group>"; };
		256AC3D90F4B6AC300CF3369 /* FreemanAppDelegate.m */ = {isa = PBXFileReference; fileEncoding = 4; lastKnownFileType = sourcecode.c.objc; path = FreemanAppDelegate.m; sourceTree = "<group>"; };
		256AC3F00F4B6AF500CF3369 /* Freeman_Prefix.pch */ = {isa = PBXFileReference; fileEncoding = 4; lastKnownFileType = sourcecode.c.h; path = Freeman_Prefix.pch; sourceTree = "<group>"; };
		29B97316FDCFA39411CA2CEA /* main.m */ = {isa = PBXFileReference; fileEncoding = 4; lastKnownFileType = sourcecode.c.objc; path = main.m; sourceTree = "<group>"; };
		29B97324FDCFA39411CA2CEA /* AppKit.framework */ = {isa = PBXFileReference; lastKnownFileType = wrapper.framework; name = AppKit.framework; path = /System/Library/Frameworks/AppKit.framework; sourceTree = "<absolute>"; };
		29B97325FDCFA39411CA2CEA /* Foundation.framework */ = {isa = PBXFileReference; lastKnownFileType = wrapper.framework; name = Foundation.framework; path = /System/Library/Frameworks/Foundation.framework; sourceTree = "<absolute>"; };
		8D1107310486CEB800E47090 /* Freeman-Info.plist */ = {isa = PBXFileReference; fileEncoding = 4; lastKnownFileType = text.plist.xml; path = "Freeman-Info.plist"; sourceTree = "<group>"; };
		8D1107320486CEB800E47090 /* Freeman.app */ = {isa = PBXFileReference; explicitFileType = wrapper.application; includeInIndex = 0; path = Freeman.app; sourceTree = BUILT_PRODUCTS_DIR; };
		C9219C01123A5B07009E5829 /* FreemanResultsView.h */ = {isa = PBXFileReference; fileEncoding = 4; lastKnownFileType = sourcecode.c.h; path = FreemanResultsView.h; sourceTree = "<group>"; };
		C9219C02123A5B07009E5829 /* FreemanResultsView.m */ = {isa = PBXFileReference; fileEncoding = 4; lastKnownFileType = sourcecode.c.objc; path = FreemanResultsView.m; sourceTree = "<group>"; };
		C9219C5B123A8C03009E5829 /* Freeman.icns */ = {isa = PBXFileReference; lastKnownFileType = image.icns; path = Freeman.icns; sourceTree = "<group>"; };
		C9219C5D123A8C26009E5829 /* MenuActive.png */ = {isa = PBXFileReference; lastKnownFileType = image.png; path = MenuActive.png; sourceTree = "<group>"; };
		C9219C5E123A8C26009E5829 /* MenuNormal.png */ = {isa = PBXFileReference; lastKnownFileType = image.png; path = MenuNormal.png; sourceTree = "<group>"; };
		C9219C75123A8F85009E5829 /* Sparkle.framework */ = {isa = PBXFileReference; lastKnownFileType = wrapper.framework; path = Sparkle.framework; sourceTree = "<group>"; };
		C9219C9B123A95A4009E5829 /* Credits.rtf */ = {isa = PBXFileReference; lastKnownFileType = text.rtf; path = Credits.rtf; sourceTree = "<group>"; };
		C9266BF712383783002619C7 /* FreemanOverlayManager.h */ = {isa = PBXFileReference; fileEncoding = 4; lastKnownFileType = sourcecode.c.h; path = FreemanOverlayManager.h; sourceTree = "<group>"; };
		C9266BF812383783002619C7 /* FreemanOverlayManager.m */ = {isa = PBXFileReference; fileEncoding = 4; lastKnownFileType = sourcecode.c.objc; path = FreemanOverlayManager.m; sourceTree = "<group>"; };
		C9266C1B12383B79002619C7 /* Carbon.framework */ = {isa = PBXFileReference; lastKnownFileType = wrapper.framework; name = Carbon.framework; path = System/Library/Frameworks/Carbon.framework; sourceTree = SDKROOT; };
		C9266C7112384B46002619C7 /* Quartz.framework */ = {isa = PBXFileReference; lastKnownFileType = wrapper.framework; name = Quartz.framework; path = System/Library/Frameworks/Quartz.framework; sourceTree = SDKROOT; };
		C989C5C7123AD9B900A738EB /* FreemanDiskCatalog.h */ = {isa = PBXFileReference; fileEncoding = 4; lastKnownFileType = sourcecode.c.h; path = FreemanDiskCatalog.h; sourceTree = "<group>"; };
		C989C5C8123AD9B900A738EB /* FreemanDiskCatalog.m */ = {isa = PBXFileReference; fileEncoding = 4; lastKnownFileType = sourcecode.c.objc; path = FreemanDiskCatalog.m; sourceTree = "<group>"; };
		C989C5CA123AD9D700A738EB /* FreemanXMLCatalog.h */ = {isa = PBXFileReference; fileEncoding = 4; lastKnownFileType = sourcecode.c.h; path = FreemanXMLCatalog.h; sourceTree = "<group>"; };
		C989C5CB123AD9D700A738EB /* FreemanXMLCatalog.m */ = {isa = PBXFileReference; fileEncoding = 4; lastKnownFileType = sourcecode.c.objc; path = FreemanXMLCatalog.m; sourceTree = "<group>"; };
		C993DDF91238D6C000FCB461 /* FreemanRemoteProcess.h */ = {isa = PBXFileReference; fileEncoding = 4; lastKnownFileType = sourcecode.c.h; path = FreemanRemoteProcess.h; sourceTree = "<group>"; };
		C993DDFA1238D6C000FCB461 /* FreemanRemoteProcess.m */ = {isa = PBXFileReference; fileEncoding = 4; lastKnownFileType = sourcecode.c.objc; path = FreemanRemoteProcess.m; sourceTree = "<group>"; };
		C993DF7F123912C200FCB461 /* modules.xml */ = {isa = PBXFileReference; fileEncoding = 4; lastKnownFileType = text.xml; path = modules.xml; sourceTree = "<group>"; };
		C993DF8012391D3A00FCB461 /* FreemanModuleDatabase.h */ = {isa = PBXFileReference; fileEncoding = 4; lastKnownFileType = sourcecode.c.h; path = FreemanModuleDatabase.h; sourceTree = "<group>"; };
		C993DF8112391D3A00FCB461 /* FreemanModuleDatabase.m */ = {isa = PBXFileReference; fileEncoding = 4; lastKnownFileType = sourcecode.c.objc; path = FreemanModuleDatabase.m; sourceTree = "<group>"; };
		C993DF8312391D5A00FCB461 /* FreemanModule.h */ = {isa = PBXFileReference; fileEncoding = 4; lastKnownFileType = sourcecode.c.h; path = FreemanModule.h; sourceTree = "<group>"; };
		C993DF8412391D5A00FCB461 /* FreemanModule.m */ = {isa = PBXFileReference; fileEncoding = 4; lastKnownFileType = sourcecode.c.objc; path = FreemanModule.m; sourceTree = "<group>"; };
		C993DFFF1239324000FCB461 /* Overlay.xib */ = {isa = PBXFileReference; lastKnownFileType = file.xib; path = Overlay.xib; sourceTree = "<group>"; };
		C993E13C123952E900FCB461 /* NSString+FreemanRanking.h */ = {isa = PBXFileReference; fileEncoding = 4; lastKnownFileType = sourcecode.c.h; path = "NSString+FreemanRanking.h"; sourceTree = "<group>"; };
		C993E13D123952E900FCB461 /* NSString+FreemanRanking.m */ = {isa = PBXFileReference; fileEncoding = 4; lastKnownFileType = sourcecode.c.objc; path = "NSString+FreemanRanking.m"; sourceTree = "<group>"; };
/* End PBXFileReference section */

/* Begin PBXFrameworksBuildPhase section */
		8D11072E0486CEB800E47090 /* Frameworks */ = {
			isa = PBXFrameworksBuildPhase;
			buildActionMask = 2147483647;
			files = (
				8D11072F0486CEB800E47090 /* Cocoa.framework in Frameworks */,
				C9266C1C12383B79002619C7 /* Carbon.framework in Frameworks */,
				C9266C7212384B46002619C7 /* Quartz.framework in Frameworks */,
				C9219C76123A8F85009E5829 /* Sparkle.framework in Frameworks */,
			);
			runOnlyForDeploymentPostprocessing = 0;
		};
/* End PBXFrameworksBuildPhase section */

/* Begin PBXGroup section */
		080E96DDFE201D6D7F000001 /* Classes */ = {
			isa = PBXGroup;
			children = (
				256AC3D80F4B6AC300CF3369 /* FreemanAppDelegate.h */,
				256AC3D90F4B6AC300CF3369 /* FreemanAppDelegate.m */,
				C9266BF712383783002619C7 /* FreemanOverlayManager.h */,
				C9266BF812383783002619C7 /* FreemanOverlayManager.m */,
				C993DDF91238D6C000FCB461 /* FreemanRemoteProcess.h */,
				C993DDFA1238D6C000FCB461 /* FreemanRemoteProcess.m */,
				C993DF8012391D3A00FCB461 /* FreemanModuleDatabase.h */,
				C993DF8112391D3A00FCB461 /* FreemanModuleDatabase.m */,
				C993DF8312391D5A00FCB461 /* FreemanModule.h */,
				C993DF8412391D5A00FCB461 /* FreemanModule.m */,
				C993E13C123952E900FCB461 /* NSString+FreemanRanking.h */,
				C993E13D123952E900FCB461 /* NSString+FreemanRanking.m */,
				C9219C01123A5B07009E5829 /* FreemanResultsView.h */,
				C9219C02123A5B07009E5829 /* FreemanResultsView.m */,
				C989C5C7123AD9B900A738EB /* FreemanDiskCatalog.h */,
				C989C5C8123AD9B900A738EB /* FreemanDiskCatalog.m */,
				C989C5CA123AD9D700A738EB /* FreemanXMLCatalog.h */,
				C989C5CB123AD9D700A738EB /* FreemanXMLCatalog.m */,
			);
			name = Classes;
			sourceTree = "<group>";
		};
		1058C7A0FEA54F0111CA2CBB /* Linked Frameworks */ = {
			isa = PBXGroup;
			children = (
				1058C7A1FEA54F0111CA2CBB /* Cocoa.framework */,
				C9266C1B12383B79002619C7 /* Carbon.framework */,
				C9219C75123A8F85009E5829 /* Sparkle.framework */,
			);
			name = "Linked Frameworks";
			sourceTree = "<group>";
		};
		1058C7A2FEA54F0111CA2CBB /* Other Frameworks */ = {
			isa = PBXGroup;
			children = (
				29B97324FDCFA39411CA2CEA /* AppKit.framework */,
				13E42FB307B3F0F600E4EEF1 /* CoreData.framework */,
				29B97325FDCFA39411CA2CEA /* Foundation.framework */,
			);
			name = "Other Frameworks";
			sourceTree = "<group>";
		};
		19C28FACFE9D520D11CA2CBB /* Products */ = {
			isa = PBXGroup;
			children = (
				8D1107320486CEB800E47090 /* Freeman.app */,
			);
			name = Products;
			sourceTree = "<group>";
		};
		29B97314FDCFA39411CA2CEA /* Freeman */ = {
			isa = PBXGroup;
			children = (
				080E96DDFE201D6D7F000001 /* Classes */,
				29B97315FDCFA39411CA2CEA /* Other Sources */,
				29B97317FDCFA39411CA2CEA /* Resources */,
				29B97323FDCFA39411CA2CEA /* Frameworks */,
				19C28FACFE9D520D11CA2CBB /* Products */,
				C9266C7112384B46002619C7 /* Quartz.framework */,
			);
			name = Freeman;
			sourceTree = "<group>";
		};
		29B97315FDCFA39411CA2CEA /* Other Sources */ = {
			isa = PBXGroup;
			children = (
				256AC3F00F4B6AF500CF3369 /* Freeman_Prefix.pch */,
				29B97316FDCFA39411CA2CEA /* main.m */,
			);
			name = "Other Sources";
			sourceTree = "<group>";
		};
		29B97317FDCFA39411CA2CEA /* Resources */ = {
			isa = PBXGroup;
			children = (
				C9219C5D123A8C26009E5829 /* MenuActive.png */,
				C9219C5E123A8C26009E5829 /* MenuNormal.png */,
				C9219C5B123A8C03009E5829 /* Freeman.icns */,
				8D1107310486CEB800E47090 /* Freeman-Info.plist */,
				089C165CFE840E0CC02AAC07 /* InfoPlist.strings */,
				1DDD58140DA1D0A300B32029 /* MainMenu.xib */,
				C993DF7F123912C200FCB461 /* modules.xml */,
				C993DFFF1239324000FCB461 /* Overlay.xib */,
				C9219C9B123A95A4009E5829 /* Credits.rtf */,
			);
			name = Resources;
			sourceTree = "<group>";
		};
		29B97323FDCFA39411CA2CEA /* Frameworks */ = {
			isa = PBXGroup;
			children = (
				1058C7A0FEA54F0111CA2CBB /* Linked Frameworks */,
				1058C7A2FEA54F0111CA2CBB /* Other Frameworks */,
			);
			name = Frameworks;
			sourceTree = "<group>";
		};
/* End PBXGroup section */

/* Begin PBXNativeTarget section */
		8D1107260486CEB800E47090 /* Freeman */ = {
			isa = PBXNativeTarget;
			buildConfigurationList = C01FCF4A08A954540054247B /* Build configuration list for PBXNativeTarget "Freeman" */;
			buildPhases = (
				8D1107290486CEB800E47090 /* Resources */,
				8D11072C0486CEB800E47090 /* Sources */,
				8D11072E0486CEB800E47090 /* Frameworks */,
				C9219C80123A8FBD009E5829 /* Copy Frameworks */,
			);
			buildRules = (
			);
			dependencies = (
			);
			name = Freeman;
			productInstallPath = "$(HOME)/Applications";
			productName = Freeman;
			productReference = 8D1107320486CEB800E47090 /* Freeman.app */;
			productType = "com.apple.product-type.application";
		};
/* End PBXNativeTarget section */

/* Begin PBXProject section */
		29B97313FDCFA39411CA2CEA /* Project object */ = {
			isa = PBXProject;
			attributes = {
				ORGANIZATIONNAME = "LucidMac Software";
			};
			buildConfigurationList = C01FCF4E08A954540054247B /* Build configuration list for PBXProject "Freeman" */;
			compatibilityVersion = "Xcode 3.1";
			hasScannedForEncodings = 1;
			mainGroup = 29B97314FDCFA39411CA2CEA /* Freeman */;
			projectDirPath = "";
			projectRoot = "";
			targets = (
				8D1107260486CEB800E47090 /* Freeman */,
			);
		};
/* End PBXProject section */

/* Begin PBXResourcesBuildPhase section */
		8D1107290486CEB800E47090 /* Resources */ = {
			isa = PBXResourcesBuildPhase;
			buildActionMask = 2147483647;
			files = (
				8D11072B0486CEB800E47090 /* InfoPlist.strings in Resources */,
				1DDD58160DA1D0A300B32029 /* MainMenu.xib in Resources */,
				C993DFAD12392D6600FCB461 /* modules.xml in Resources */,
				C993E0001239324000FCB461 /* Overlay.xib in Resources */,
				C9219C5C123A8C03009E5829 /* Freeman.icns in Resources */,
				C9219C5F123A8C26009E5829 /* MenuActive.png in Resources */,
				C9219C60123A8C26009E5829 /* MenuNormal.png in Resources */,
				C9219C9C123A95A4009E5829 /* Credits.rtf in Resources */,
			);
			runOnlyForDeploymentPostprocessing = 0;
		};
/* End PBXResourcesBuildPhase section */

/* Begin PBXSourcesBuildPhase section */
		8D11072C0486CEB800E47090 /* Sources */ = {
			isa = PBXSourcesBuildPhase;
			buildActionMask = 2147483647;
			files = (
				8D11072D0486CEB800E47090 /* main.m in Sources */,
				256AC3DA0F4B6AC300CF3369 /* FreemanAppDelegate.m in Sources */,
				C9266BF912383783002619C7 /* FreemanOverlayManager.m in Sources */,
				C993DDFB1238D6C000FCB461 /* FreemanRemoteProcess.m in Sources */,
				C993DF8212391D3A00FCB461 /* FreemanModuleDatabase.m in Sources */,
				C993DF8512391D5A00FCB461 /* FreemanModule.m in Sources */,
				C993E13E123952E900FCB461 /* NSString+FreemanRanking.m in Sources */,
				C9219C03123A5B07009E5829 /* FreemanResultsView.m in Sources */,
				C989C5C9123AD9B900A738EB /* FreemanDiskCatalog.m in Sources */,
				C989C5CC123AD9D700A738EB /* FreemanXMLCatalog.m in Sources */,
			);
			runOnlyForDeploymentPostprocessing = 0;
		};
/* End PBXSourcesBuildPhase section */

/* Begin PBXVariantGroup section */
		089C165CFE840E0CC02AAC07 /* InfoPlist.strings */ = {
			isa = PBXVariantGroup;
			children = (
				089C165DFE840E0CC02AAC07 /* English */,
			);
			name = InfoPlist.strings;
			sourceTree = "<group>";
		};
		1DDD58140DA1D0A300B32029 /* MainMenu.xib */ = {
			isa = PBXVariantGroup;
			children = (
				1DDD58150DA1D0A300B32029 /* English */,
			);
			name = MainMenu.xib;
			sourceTree = "<group>";
		};
/* End PBXVariantGroup section */

/* Begin XCBuildConfiguration section */
		C01FCF4B08A954540054247B /* Debug */ = {
			isa = XCBuildConfiguration;
			buildSettings = {
				ALWAYS_SEARCH_USER_PATHS = NO;
				COPY_PHASE_STRIP = NO;
				FRAMEWORK_SEARCH_PATHS = (
					"$(inherited)",
					"\"$(SRCROOT)\"",
				);
				GCC_DYNAMIC_NO_PIC = NO;
				GCC_ENABLE_FIX_AND_CONTINUE = YES;
				GCC_MODEL_TUNING = G5;
				GCC_OPTIMIZATION_LEVEL = 0;
				GCC_PRECOMPILE_PREFIX_HEADER = YES;
				GCC_PREFIX_HEADER = Freeman_Prefix.pch;
				INFOPLIST_FILE = "Freeman-Info.plist";
				INSTALL_PATH = "$(HOME)/Applications";
				PRODUCT_NAME = Freeman;
			};
			name = Debug;
		};
		C01FCF4C08A954540054247B /* Release */ = {
			isa = XCBuildConfiguration;
			buildSettings = {
				ALWAYS_SEARCH_USER_PATHS = NO;
				DEBUG_INFORMATION_FORMAT = "dwarf-with-dsym";
				FRAMEWORK_SEARCH_PATHS = (
					"$(inherited)",
					"\"$(SRCROOT)\"",
				);
				GCC_MODEL_TUNING = G5;
				GCC_PRECOMPILE_PREFIX_HEADER = YES;
				GCC_PREFIX_HEADER = Freeman_Prefix.pch;
				INFOPLIST_FILE = "Freeman-Info.plist";
				INSTALL_PATH = "$(HOME)/Applications";
				PRODUCT_NAME = Freeman;
			};
			name = Release;
		};
		C01FCF4F08A954540054247B /* Debug */ = {
			isa = XCBuildConfiguration;
			buildSettings = {
				ARCHS = "$(ARCHS_STANDARD_32_64_BIT)";
				GCC_C_LANGUAGE_STANDARD = gnu99;
				GCC_ENABLE_OBJC_GC = supported;
				GCC_OPTIMIZATION_LEVEL = 0;
				GCC_TREAT_WARNINGS_AS_ERRORS = YES;
				GCC_WARN_ABOUT_RETURN_TYPE = YES;
				GCC_WARN_UNUSED_VARIABLE = YES;
				ONLY_ACTIVE_ARCH = YES;
				PREBINDING = NO;
				SDKROOT = macosx10.6;
				WARNING_CFLAGS = "-Wall";
			};
			name = Debug;
		};
		C01FCF5008A954540054247B /* Release */ = {
			isa = XCBuildConfiguration;
			buildSettings = {
				ARCHS = "$(ARCHS_STANDARD_32_64_BIT)";
				GCC_C_LANGUAGE_STANDARD = gnu99;
				GCC_ENABLE_OBJC_GC = supported;
				GCC_TREAT_WARNINGS_AS_ERRORS = YES;
				GCC_WARN_ABOUT_RETURN_TYPE = YES;
				GCC_WARN_UNUSED_VARIABLE = YES;
				PREBINDING = NO;
				SDKROOT = macosx10.6;
				WARNING_CFLAGS = "-Wall";
			};
			name = Release;
		};
/* End XCBuildConfiguration section */

/* Begin XCConfigurationList section */
		C01FCF4A08A954540054247B /* Build configuration list for PBXNativeTarget "Freeman" */ = {
			isa = XCConfigurationList;
			buildConfigurations = (
				C01FCF4B08A954540054247B /* Debug */,
				C01FCF4C08A954540054247B /* Release */,
			);
			defaultConfigurationIsVisible = 0;
			defaultConfigurationName = Release;
		};
		C01FCF4E08A954540054247B /* Build configuration list for PBXProject "Freeman" */ = {
			isa = XCConfigurationList;
			buildConfigurations = (
				C01FCF4F08A954540054247B /* Debug */,
				C01FCF5008A954540054247B /* Release */,
			);
			defaultConfigurationIsVisible = 0;
			defaultConfigurationName = Release;
		};
/* End XCConfigurationList section */
	};
	rootObject = 29B97313FDCFA39411CA2CEA /* Project object */;
}
